// !$*UTF8*$!
{
	archiveVersion = 1;
	classes = {
	};
	objectVersion = 46;
	objects = {

/* Begin PBXBuildFile section */
		FE2C0BE314FD225F001FAC87 /* apple.jpg in Resources */ = {isa = PBXBuildFile; fileRef = FE2C0BE014FD225F001FAC87 /* apple.jpg */; };
		FE2C0BE414FD225F001FAC87 /* panorama.jpg in Resources */ = {isa = PBXBuildFile; fileRef = FE2C0BE114FD225F001FAC87 /* panorama.jpg */; };
		FE2C0BE514FD225F001FAC87 /* springboard.jpg in Resources */ = {isa = PBXBuildFile; fileRef = FE2C0BE214FD225F001FAC87 /* springboard.jpg */; };
		FE2C0BEA14FD2268001FAC87 /* AGSimpleImageEditorView.m in Sources */ = {isa = PBXBuildFile; fileRef = FE2C0BE914FD2268001FAC87 /* AGSimpleImageEditorView.m */; };
		FE2C0BEC14FD2335001FAC87 /* AssetsLibrary.framework in Frameworks */ = {isa = PBXBuildFile; fileRef = FE2C0BEB14FD2335001FAC87 /* AssetsLibrary.framework */; };
		FE2C0BF214FD2778001FAC87 /* QuartzCore.framework in Frameworks */ = {isa = PBXBuildFile; fileRef = FE2C0BF114FD2778001FAC87 /* QuartzCore.framework */; };
		FE2C0BF514FD28C0001FAC87 /* transparencyPattern.png in Resources */ = {isa = PBXBuildFile; fileRef = FE2C0BF414FD28C0001FAC87 /* transparencyPattern.png */; };
		FE35F95214FF620E00070845 /* LICENSE in Resources */ = {isa = PBXBuildFile; fileRef = FE35F95114FF620E00070845 /* LICENSE */; };
		FE7C6EF014FD2213005921A5 /* UIKit.framework in Frameworks */ = {isa = PBXBuildFile; fileRef = FE7C6EEF14FD2213005921A5 /* UIKit.framework */; };
		FE7C6EF214FD2213005921A5 /* Foundation.framework in Frameworks */ = {isa = PBXBuildFile; fileRef = FE7C6EF114FD2213005921A5 /* Foundation.framework */; };
		FE7C6EF414FD2213005921A5 /* CoreGraphics.framework in Frameworks */ = {isa = PBXBuildFile; fileRef = FE7C6EF314FD2213005921A5 /* CoreGraphics.framework */; };
		FE7C6EFA14FD2213005921A5 /* InfoPlist.strings in Resources */ = {isa = PBXBuildFile; fileRef = FE7C6EF814FD2213005921A5 /* InfoPlist.strings */; };
		FE7C6EFC14FD2213005921A5 /* main.m in Sources */ = {isa = PBXBuildFile; fileRef = FE7C6EFB14FD2213005921A5 /* main.m */; };
		FE7C6F0014FD2213005921A5 /* AGAppDelegate.m in Sources */ = {isa = PBXBuildFile; fileRef = FE7C6EFF14FD2213005921A5 /* AGAppDelegate.m */; };
		FE7C6F0314FD2213005921A5 /* AGViewController.m in Sources */ = {isa = PBXBuildFile; fileRef = FE7C6F0214FD2213005921A5 /* AGViewController.m */; };
		FE7C6F0614FD2213005921A5 /* AGViewController_iPhone.xib in Resources */ = {isa = PBXBuildFile; fileRef = FE7C6F0414FD2213005921A5 /* AGViewController_iPhone.xib */; };
		FE7C6F0914FD2213005921A5 /* AGViewController_iPad.xib in Resources */ = {isa = PBXBuildFile; fileRef = FE7C6F0714FD2213005921A5 /* AGViewController_iPad.xib */; };
		FE955DD01500E2BE00806BB5 /* AGSimpleImageEditor-icon.png in Resources */ = {isa = PBXBuildFile; fileRef = FE955DCF1500E2BE00806BB5 /* AGSimpleImageEditor-icon.png */; };
		FE955DD21500E2BE00806BB5 /* AGSimpleImageEditor-icon@2x.png in Resources */ = {isa = PBXBuildFile; fileRef = FE955DD11500E2BE00806BB5 /* AGSimpleImageEditor-icon@2x.png */; };
		FE955DD51501081200806BB5 /* README.md in Resources */ = {isa = PBXBuildFile; fileRef = FE955DD41501081200806BB5 /* README.md */; };
/* End PBXBuildFile section */

/* Begin PBXFileReference section */
		FE2C0BE014FD225F001FAC87 /* apple.jpg */ = {isa = PBXFileReference; lastKnownFileType = image.jpeg; path = apple.jpg; sourceTree = "<group>"; };
		FE2C0BE114FD225F001FAC87 /* panorama.jpg */ = {isa = PBXFileReference; lastKnownFileType = image.jpeg; path = panorama.jpg; sourceTree = "<group>"; };
		FE2C0BE214FD225F001FAC87 /* springboard.jpg */ = {isa = PBXFileReference; lastKnownFileType = image.jpeg; path = springboard.jpg; sourceTree = "<group>"; };
		FE2C0BE814FD2268001FAC87 /* AGSimpleImageEditorView.h */ = {isa = PBXFileReference; fileEncoding = 4; lastKnownFileType = sourcecode.c.h; path = AGSimpleImageEditorView.h; sourceTree = "<group>"; };
		FE2C0BE914FD2268001FAC87 /* AGSimpleImageEditorView.m */ = {isa = PBXFileReference; fileEncoding = 4; lastKnownFileType = sourcecode.c.objc; path = AGSimpleImageEditorView.m; sourceTree = "<group>"; };
		FE2C0BEB14FD2335001FAC87 /* AssetsLibrary.framework */ = {isa = PBXFileReference; lastKnownFileType = wrapper.framework; name = AssetsLibrary.framework; path = System/Library/Frameworks/AssetsLibrary.framework; sourceTree = SDKROOT; };
		FE2C0BF114FD2778001FAC87 /* QuartzCore.framework */ = {isa = PBXFileReference; lastKnownFileType = wrapper.framework; name = QuartzCore.framework; path = System/Library/Frameworks/QuartzCore.framework; sourceTree = SDKROOT; };
		FE2C0BF414FD28C0001FAC87 /* transparencyPattern.png */ = {isa = PBXFileReference; lastKnownFileType = image.png; path = transparencyPattern.png; sourceTree = "<group>"; };
		FE35F95114FF620E00070845 /* LICENSE */ = {isa = PBXFileReference; fileEncoding = 4; lastKnownFileType = text; path = LICENSE; sourceTree = "<group>"; };
		FE7C6EEB14FD2212005921A5 /* AGSimpleImageEditorView Demo.app */ = {isa = PBXFileReference; explicitFileType = wrapper.application; includeInIndex = 0; path = "AGSimpleImageEditorView Demo.app"; sourceTree = BUILT_PRODUCTS_DIR; };
		FE7C6EEF14FD2213005921A5 /* UIKit.framework */ = {isa = PBXFileReference; lastKnownFileType = wrapper.framework; name = UIKit.framework; path = System/Library/Frameworks/UIKit.framework; sourceTree = SDKROOT; };
		FE7C6EF114FD2213005921A5 /* Foundation.framework */ = {isa = PBXFileReference; lastKnownFileType = wrapper.framework; name = Foundation.framework; path = System/Library/Frameworks/Foundation.framework; sourceTree = SDKROOT; };
		FE7C6EF314FD2213005921A5 /* CoreGraphics.framework */ = {isa = PBXFileReference; lastKnownFileType = wrapper.framework; name = CoreGraphics.framework; path = System/Library/Frameworks/CoreGraphics.framework; sourceTree = SDKROOT; };
		FE7C6EF714FD2213005921A5 /* AGSimpleImageEditorView Demo-Info.plist */ = {isa = PBXFileReference; lastKnownFileType = text.plist.xml; path = "AGSimpleImageEditorView Demo-Info.plist"; sourceTree = "<group>"; };
		FE7C6EF914FD2213005921A5 /* en */ = {isa = PBXFileReference; lastKnownFileType = text.plist.strings; name = en; path = en.lproj/InfoPlist.strings; sourceTree = "<group>"; };
		FE7C6EFB14FD2213005921A5 /* main.m */ = {isa = PBXFileReference; lastKnownFileType = sourcecode.c.objc; path = main.m; sourceTree = "<group>"; };
		FE7C6EFD14FD2213005921A5 /* AGSimpleImageEditorView Demo-Prefix.pch */ = {isa = PBXFileReference; lastKnownFileType = sourcecode.c.h; path = "AGSimpleImageEditorView Demo-Prefix.pch"; sourceTree = "<group>"; };
		FE7C6EFE14FD2213005921A5 /* AGAppDelegate.h */ = {isa = PBXFileReference; lastKnownFileType = sourcecode.c.h; path = AGAppDelegate.h; sourceTree = "<group>"; };
		FE7C6EFF14FD2213005921A5 /* AGAppDelegate.m */ = {isa = PBXFileReference; lastKnownFileType = sourcecode.c.objc; path = AGAppDelegate.m; sourceTree = "<group>"; };
		FE7C6F0114FD2213005921A5 /* AGViewController.h */ = {isa = PBXFileReference; lastKnownFileType = sourcecode.c.h; path = AGViewController.h; sourceTree = "<group>"; };
		FE7C6F0214FD2213005921A5 /* AGViewController.m */ = {isa = PBXFileReference; lastKnownFileType = sourcecode.c.objc; path = AGViewController.m; sourceTree = "<group>"; };
		FE7C6F0514FD2213005921A5 /* en */ = {isa = PBXFileReference; lastKnownFileType = file.xib; name = en; path = en.lproj/AGViewController_iPhone.xib; sourceTree = "<group>"; };
		FE7C6F0814FD2213005921A5 /* en */ = {isa = PBXFileReference; lastKnownFileType = file.xib; name = en; path = en.lproj/AGViewController_iPad.xib; sourceTree = "<group>"; };
		FE955DCF1500E2BE00806BB5 /* AGSimpleImageEditor-icon.png */ = {isa = PBXFileReference; lastKnownFileType = image.png; name = "AGSimpleImageEditor-icon.png"; path = "../AGSimpleImageEditor-icon.png"; sourceTree = "<group>"; };
		FE955DD11500E2BE00806BB5 /* AGSimpleImageEditor-icon@2x.png */ = {isa = PBXFileReference; lastKnownFileType = image.png; name = "AGSimpleImageEditor-icon@2x.png"; path = "../AGSimpleImageEditor-icon@2x.png"; sourceTree = "<group>"; };
		FE955DD41501081200806BB5 /* README.md */ = {isa = PBXFileReference; fileEncoding = 4; lastKnownFileType = text; path = README.md; sourceTree = SOURCE_ROOT; };
/* End PBXFileReference section */

/* Begin PBXFrameworksBuildPhase section */
		FE7C6EE814FD2212005921A5 /* Frameworks */ = {
			isa = PBXFrameworksBuildPhase;
			buildActionMask = 2147483647;
			files = (
				FE2C0BF214FD2778001FAC87 /* QuartzCore.framework in Frameworks */,
				FE2C0BEC14FD2335001FAC87 /* AssetsLibrary.framework in Frameworks */,
				FE7C6EF014FD2213005921A5 /* UIKit.framework in Frameworks */,
				FE7C6EF214FD2213005921A5 /* Foundation.framework in Frameworks */,
				FE7C6EF414FD2213005921A5 /* CoreGraphics.framework in Frameworks */,
			);
			runOnlyForDeploymentPostprocessing = 0;
		};
/* End PBXFrameworksBuildPhase section */

/* Begin PBXGroup section */
		FE2C0BE714FD2268001FAC87 /* AGSimpleImageEditorView */ = {
			isa = PBXGroup;
			children = (
				FE2C0BF314FD28B2001FAC87 /* Resources */,
				FE2C0BE814FD2268001FAC87 /* AGSimpleImageEditorView.h */,
				FE2C0BE914FD2268001FAC87 /* AGSimpleImageEditorView.m */,
				FE35F95114FF620E00070845 /* LICENSE */,
			);
			name = AGSimpleImageEditorView;
			path = "AGSimpleImageEditorView Demo/AGSimpleImageEditorView";
			sourceTree = "<group>";
		};
		FE2C0BF314FD28B2001FAC87 /* Resources */ = {
			isa = PBXGroup;
			children = (
				FE2C0BF414FD28C0001FAC87 /* transparencyPattern.png */,
			);
			name = Resources;
			sourceTree = "<group>";
		};
		FE7C6EE014FD2212005921A5 = {
			isa = PBXGroup;
			children = (
				FE2C0BE714FD2268001FAC87 /* AGSimpleImageEditorView */,
				FE7C6EF514FD2213005921A5 /* AGSimpleImageEditorView Demo */,
				FE7C6EEE14FD2213005921A5 /* Frameworks */,
				FE7C6EEC14FD2212005921A5 /* Products */,
			);
			sourceTree = "<group>";
		};
		FE7C6EEC14FD2212005921A5 /* Products */ = {
			isa = PBXGroup;
			children = (
				FE7C6EEB14FD2212005921A5 /* AGSimpleImageEditorView Demo.app */,
			);
			name = Products;
			sourceTree = "<group>";
		};
		FE7C6EEE14FD2213005921A5 /* Frameworks */ = {
			isa = PBXGroup;
			children = (
				FE2C0BF114FD2778001FAC87 /* QuartzCore.framework */,
				FE2C0BEB14FD2335001FAC87 /* AssetsLibrary.framework */,
				FE7C6EEF14FD2213005921A5 /* UIKit.framework */,
				FE7C6EF114FD2213005921A5 /* Foundation.framework */,
				FE7C6EF314FD2213005921A5 /* CoreGraphics.framework */,
			);
			name = Frameworks;
			sourceTree = "<group>";
		};
		FE7C6EF514FD2213005921A5 /* AGSimpleImageEditorView Demo */ = {
			isa = PBXGroup;
			children = (
				FE7C6EFE14FD2213005921A5 /* AGAppDelegate.h */,
				FE7C6EFF14FD2213005921A5 /* AGAppDelegate.m */,
				FE7C6F0114FD2213005921A5 /* AGViewController.h */,
				FE7C6F0214FD2213005921A5 /* AGViewController.m */,
				FE7C6F0414FD2213005921A5 /* AGViewController_iPhone.xib */,
				FE7C6F0714FD2213005921A5 /* AGViewController_iPad.xib */,
				FE7C6EF614FD2213005921A5 /* Supporting Files */,
			);
			path = "AGSimpleImageEditorView Demo";
			sourceTree = "<group>";
		};
		FE7C6EF614FD2213005921A5 /* Supporting Files */ = {
			isa = PBXGroup;
			children = (
				FE955DD41501081200806BB5 /* README.md */,
				FE955DD11500E2BE00806BB5 /* AGSimpleImageEditor-icon@2x.png */,
				FE955DCF1500E2BE00806BB5 /* AGSimpleImageEditor-icon.png */,
				FE2C0BE014FD225F001FAC87 /* apple.jpg */,
				FE2C0BE114FD225F001FAC87 /* panorama.jpg */,
				FE2C0BE214FD225F001FAC87 /* springboard.jpg */,
				FE7C6EF714FD2213005921A5 /* AGSimpleImageEditorView Demo-Info.plist */,
				FE7C6EF814FD2213005921A5 /* InfoPlist.strings */,
				FE7C6EFB14FD2213005921A5 /* main.m */,
				FE7C6EFD14FD2213005921A5 /* AGSimpleImageEditorView Demo-Prefix.pch */,
			);
			name = "Supporting Files";
			sourceTree = "<group>";
		};
/* End PBXGroup section */

/* Begin PBXNativeTarget section */
		FE7C6EEA14FD2212005921A5 /* AGSimpleImageEditorView Demo */ = {
			isa = PBXNativeTarget;
			buildConfigurationList = FE7C6F0C14FD2213005921A5 /* Build configuration list for PBXNativeTarget "AGSimpleImageEditorView Demo" */;
			buildPhases = (
				FE7C6EE714FD2212005921A5 /* Sources */,
				FE7C6EE814FD2212005921A5 /* Frameworks */,
				FE7C6EE914FD2212005921A5 /* Resources */,
			);
			buildRules = (
			);
			dependencies = (
			);
			name = "AGSimpleImageEditorView Demo";
			productName = "AGSimpleImageEditorView Demo";
			productReference = FE7C6EEB14FD2212005921A5 /* AGSimpleImageEditorView Demo.app */;
			productType = "com.apple.product-type.application";
		};
/* End PBXNativeTarget section */

/* Begin PBXProject section */
		FE7C6EE214FD2212005921A5 /* Project object */ = {
			isa = PBXProject;
			attributes = {
				CLASSPREFIX = AG;
				LastUpgradeCheck = 0430;
				ORGANIZATIONNAME = "Artur Grigor";
			};
			buildConfigurationList = FE7C6EE514FD2212005921A5 /* Build configuration list for PBXProject "AGSimpleImageEditorView Demo" */;
			compatibilityVersion = "Xcode 3.2";
			developmentRegion = English;
			hasScannedForEncodings = 0;
			knownRegions = (
				en,
			);
			mainGroup = FE7C6EE014FD2212005921A5;
			productRefGroup = FE7C6EEC14FD2212005921A5 /* Products */;
			projectDirPath = "";
			projectRoot = "";
			targets = (
				FE7C6EEA14FD2212005921A5 /* AGSimpleImageEditorView Demo */,
			);
		};
/* End PBXProject section */

/* Begin PBXResourcesBuildPhase section */
		FE7C6EE914FD2212005921A5 /* Resources */ = {
			isa = PBXResourcesBuildPhase;
			buildActionMask = 2147483647;
			files = (
				FE7C6EFA14FD2213005921A5 /* InfoPlist.strings in Resources */,
				FE7C6F0614FD2213005921A5 /* AGViewController_iPhone.xib in Resources */,
				FE7C6F0914FD2213005921A5 /* AGViewController_iPad.xib in Resources */,
				FE2C0BE314FD225F001FAC87 /* apple.jpg in Resources */,
				FE2C0BE414FD225F001FAC87 /* panorama.jpg in Resources */,
				FE2C0BE514FD225F001FAC87 /* springboard.jpg in Resources */,
				FE2C0BF514FD28C0001FAC87 /* transparencyPattern.png in Resources */,
				FE35F95214FF620E00070845 /* LICENSE in Resources */,
				FE955DD01500E2BE00806BB5 /* AGSimpleImageEditor-icon.png in Resources */,
				FE955DD21500E2BE00806BB5 /* AGSimpleImageEditor-icon@2x.png in Resources */,
				FE955DD51501081200806BB5 /* README.md in Resources */,
			);
			runOnlyForDeploymentPostprocessing = 0;
		};
/* End PBXResourcesBuildPhase section */

/* Begin PBXSourcesBuildPhase section */
		FE7C6EE714FD2212005921A5 /* Sources */ = {
			isa = PBXSourcesBuildPhase;
			buildActionMask = 2147483647;
			files = (
				FE7C6EFC14FD2213005921A5 /* main.m in Sources */,
				FE7C6F0014FD2213005921A5 /* AGAppDelegate.m in Sources */,
				FE7C6F0314FD2213005921A5 /* AGViewController.m in Sources */,
				FE2C0BEA14FD2268001FAC87 /* AGSimpleImageEditorView.m in Sources */,
			);
			runOnlyForDeploymentPostprocessing = 0;
		};
/* End PBXSourcesBuildPhase section */

/* Begin PBXVariantGroup section */
		FE7C6EF814FD2213005921A5 /* InfoPlist.strings */ = {
			isa = PBXVariantGroup;
			children = (
				FE7C6EF914FD2213005921A5 /* en */,
			);
			name = InfoPlist.strings;
			sourceTree = "<group>";
		};
		FE7C6F0414FD2213005921A5 /* AGViewController_iPhone.xib */ = {
			isa = PBXVariantGroup;
			children = (
				FE7C6F0514FD2213005921A5 /* en */,
			);
			name = AGViewController_iPhone.xib;
			sourceTree = "<group>";
		};
		FE7C6F0714FD2213005921A5 /* AGViewController_iPad.xib */ = {
			isa = PBXVariantGroup;
			children = (
				FE7C6F0814FD2213005921A5 /* en */,
			);
			name = AGViewController_iPad.xib;
			sourceTree = "<group>";
		};
/* End PBXVariantGroup section */

/* Begin XCBuildConfiguration section */
		FE7C6F0A14FD2213005921A5 /* Debug */ = {
			isa = XCBuildConfiguration;
			buildSettings = {
				ALWAYS_SEARCH_USER_PATHS = NO;
				ARCHS = "$(ARCHS_STANDARD_32_BIT)";
				"CODE_SIGN_IDENTITY[sdk=iphoneos*]" = "iPhone Developer";
				COPY_PHASE_STRIP = NO;
				GCC_C_LANGUAGE_STANDARD = gnu99;
				GCC_DYNAMIC_NO_PIC = NO;
				GCC_OPTIMIZATION_LEVEL = 0;
				GCC_PREPROCESSOR_DEFINITIONS = (
					"DEBUG=1",
					"$(inherited)",
				);
				GCC_SYMBOLS_PRIVATE_EXTERN = NO;
				GCC_VERSION = com.apple.compilers.llvm.clang.1_0;
				GCC_WARN_ABOUT_RETURN_TYPE = YES;
				GCC_WARN_UNINITIALIZED_AUTOS = YES;
				GCC_WARN_UNUSED_VARIABLE = YES;
				IPHONEOS_DEPLOYMENT_TARGET = 5.1;
				SDKROOT = iphoneos;
				TARGETED_DEVICE_FAMILY = "1,2";
			};
			name = Debug;
		};
		FE7C6F0B14FD2213005921A5 /* Release */ = {
			isa = XCBuildConfiguration;
			buildSettings = {
				ALWAYS_SEARCH_USER_PATHS = NO;
				ARCHS = "$(ARCHS_STANDARD_32_BIT)";
				"CODE_SIGN_IDENTITY[sdk=iphoneos*]" = "iPhone Developer";
				COPY_PHASE_STRIP = YES;
				GCC_C_LANGUAGE_STANDARD = gnu99;
				GCC_VERSION = com.apple.compilers.llvm.clang.1_0;
				GCC_WARN_ABOUT_RETURN_TYPE = YES;
				GCC_WARN_UNINITIALIZED_AUTOS = YES;
				GCC_WARN_UNUSED_VARIABLE = YES;
				IPHONEOS_DEPLOYMENT_TARGET = 5.1;
				OTHER_CFLAGS = "-DNS_BLOCK_ASSERTIONS=1";
				SDKROOT = iphoneos;
				TARGETED_DEVICE_FAMILY = "1,2";
				VALIDATE_PRODUCT = YES;
			};
			name = Release;
		};
		FE7C6F0D14FD2213005921A5 /* Debug */ = {
			isa = XCBuildConfiguration;
			buildSettings = {
				"CODE_SIGN_IDENTITY[sdk=iphoneos*]" = "";
				GCC_PRECOMPILE_PREFIX_HEADER = YES;
				GCC_PREFIX_HEADER = "AGSimpleImageEditorView Demo/AGSimpleImageEditorView Demo-Prefix.pch";
				INFOPLIST_FILE = "AGSimpleImageEditorView Demo/AGSimpleImageEditorView Demo-Info.plist";
				IPHONEOS_DEPLOYMENT_TARGET = 4.0;
				PRODUCT_NAME = "$(TARGET_NAME)";
				WRAPPER_EXTENSION = app;
			};
			name = Debug;
		};
		FE7C6F0E14FD2213005921A5 /* Release */ = {
			isa = XCBuildConfiguration;
			buildSettings = {
				"CODE_SIGN_IDENTITY[sdk=iphoneos*]" = "";
				GCC_PRECOMPILE_PREFIX_HEADER = YES;
				GCC_PREFIX_HEADER = "AGSimpleImageEditorView Demo/AGSimpleImageEditorView Demo-Prefix.pch";
				INFOPLIST_FILE = "AGSimpleImageEditorView Demo/AGSimpleImageEditorView Demo-Info.plist";
				IPHONEOS_DEPLOYMENT_TARGET = 4.0;
				PRODUCT_NAME = "$(TARGET_NAME)";
				WRAPPER_EXTENSION = app;
			};
			name = Release;
		};
/* End XCBuildConfiguration section */

/* Begin XCConfigurationList section */
		FE7C6EE514FD2212005921A5 /* Build configuration list for PBXProject "AGSimpleImageEditorView Demo" */ = {
			isa = XCConfigurationList;
			buildConfigurations = (
				FE7C6F0A14FD2213005921A5 /* Debug */,
				FE7C6F0B14FD2213005921A5 /* Release */,
			);
			defaultConfigurationIsVisible = 0;
			defaultConfigurationName = Release;
		};
		FE7C6F0C14FD2213005921A5 /* Build configuration list for PBXNativeTarget "AGSimpleImageEditorView Demo" */ = {
			isa = XCConfigurationList;
			buildConfigurations = (
				FE7C6F0D14FD2213005921A5 /* Debug */,
				FE7C6F0E14FD2213005921A5 /* Release */,
			);
			defaultConfigurationIsVisible = 0;
			defaultConfigurationName = Release;
		};
/* End XCConfigurationList section */
	};
	rootObject = FE7C6EE214FD2212005921A5 /* Project object */;
}
